# THIS IS AN AUTOGENERATED FILE. DO NOT EDIT THIS FILE DIRECTLY.
# yarn lockfile v1


"@types/chalk@^2.2.0":
  version "2.2.0"
  resolved "http://r.npm.sankuai.com/@types/chalk/download/@types/chalk-2.2.0.tgz#b7f6e446f4511029ee8e3f43075fb5b73fbaa0ba"
  dependencies:
    chalk "*"

ansi-styles@^3.1.0:
  version "3.2.0"
  resolved "http://r.npm.sankuai.com/ansi-styles/download/ansi-styles-3.2.0.tgz#c159b8d5be0f9e5a6f346dab94f16ce022161b88"
  dependencies:
    color-convert "^1.9.0"

array-differ@^1.0.0:
  version "1.0.0"
  resolved "http://r.npm.sankuai.com/array-differ/download/array-differ-1.0.0.tgz#eff52e3758249d33be402b8bb8e564bb2b5d4031"

array-union@^1.0.1:
  version "1.0.2"
  resolved "http://r.npm.sankuai.com/array-union/download/array-union-1.0.2.tgz#9a34410e4f4e3da23dea375be5be70f24778ec39"
  dependencies:
    array-uniq "^1.0.1"

array-uniq@^1.0.1:
  version "1.0.3"
  resolved "http://r.npm.sankuai.com/array-uniq/download/array-uniq-1.0.3.tgz#af6ac877a25cc7f74e058894753858dfdb24fdb6"

arrify@^1.0.0:
  version "1.0.1"
  resolved "http://r.npm.sankuai.com/arrify/download/arrify-1.0.1.tgz#898508da2226f380df904728456849c1501a4b0d"

balanced-match@^1.0.0:
  version "1.0.0"
  resolved "http://r.npm.sankuai.com/balanced-match/download/balanced-match-1.0.0.tgz#89b4d199ab2bee49de164ea02b89ce462d71b767"

brace-expansion@^1.1.7:
  version "1.1.8"
  resolved "http://r.npm.sankuai.com/brace-expansion/download/brace-expansion-1.1.8.tgz#c07b211c7c952ec1f8efd51a77ef0d1d3990a292"
  dependencies:
    balanced-match "^1.0.0"
    concat-map "0.0.1"

chalk@*, chalk@^2.3.0:
  version "2.3.0"
  resolved "http://r.npm.sankuai.com/chalk/download/chalk-2.3.0.tgz#b5ea48efc9c1793dccc9b4767c93914d3f2d52ba"
  dependencies:
    ansi-styles "^3.1.0"
    escape-string-regexp "^1.0.5"
    supports-color "^4.0.0"

color-convert@^1.9.0:
  version "1.9.1"
  resolved "http://r.npm.sankuai.com/color-convert/download/color-convert-1.9.1.tgz#c1261107aeb2f294ebffec9ed9ecad529a6097ed"
  dependencies:
    color-name "^1.1.1"

color-name@^1.1.1:
  version "1.1.3"
  resolved "http://r.npm.sankuai.com/color-name/download/color-name-1.1.3.tgz#a7d0558bd89c42f795dd42328f740831ca53bc25"

concat-map@0.0.1:
  version "0.0.1"
  resolved "http://r.npm.sankuai.com/concat-map/download/concat-map-0.0.1.tgz#d8a96bd77fd68df7793a73036a3ba0d5405d477b"

cross-spawn-async@^2.1.1:
  version "2.2.5"
  resolved "http://r.npm.sankuai.com/cross-spawn-async/download/cross-spawn-async-2.2.5.tgz#845ff0c0834a3ded9d160daca6d390906bb288cc"
  dependencies:
    lru-cache "^4.0.0"
    which "^1.2.8"

debug@^3.1.0:
  version "3.1.0"
  resolved "http://r.npm.sankuai.com/debug/download/debug-3.1.0.tgz#5bb5a0672628b64149566ba16819e61518c67261"
  dependencies:
    ms "2.0.0"

escape-string-regexp@^1.0.5:
  version "1.0.5"
  resolved "http://r.npm.sankuai.com/escape-string-regexp/download/escape-string-regexp-1.0.5.tgz#1b61c0562190a8dff6ae3bb2cf0200ca130b86d4"

execa@^0.4.0:
  version "0.4.0"
  resolved "http://r.npm.sankuai.com/execa/download/execa-0.4.0.tgz#4eb6467a36a095fabb2970ff9d5e3fb7bce6ebc3"
  dependencies:
    cross-spawn-async "^2.1.1"
    is-stream "^1.1.0"
    npm-run-path "^1.0.0"
    object-assign "^4.0.1"
    path-key "^1.0.0"
    strip-eof "^1.0.0"

git-remote-origin-url@^2.0.0:
  version "2.0.0"
  resolved "http://r.npm.sankuai.com/git-remote-origin-url/download/git-remote-origin-url-2.0.0.tgz#5282659dae2107145a11126112ad3216ec5fa65f"
  dependencies:
    gitconfiglocal "^1.0.0"
    pify "^2.3.0"

gitconfiglocal@^1.0.0:
  version "1.0.0"
  resolved "http://r.npm.sankuai.com/gitconfiglocal/download/gitconfiglocal-1.0.0.tgz#41d045f3851a5ea88f03f24ca1c6178114464b9b"
  dependencies:
    ini "^1.3.2"

has-flag@^2.0.0:
  version "2.0.0"
  resolved "http://r.npm.sankuai.com/has-flag/download/has-flag-2.0.0.tgz#e8207af1cc7b30d446cc70b734b5e8be18f88d51"

ini@^1.3.2:
  version "1.3.5"
  resolved "http://r.npm.sankuai.com/ini/download/ini-1.3.5.tgz#eee25f56db1c9ec6085e0c22778083f596abf927"

is-git-clean@^1.1.0:
  version "1.1.0"
  resolved "http://r.npm.sankuai.com/is-git-clean/download/is-git-clean-1.1.0.tgz#13abd6dda711bb08aafd42604da487845ddcf88d"
  dependencies:
    execa "^0.4.0"
    is-obj "^1.0.1"
    multimatch "^2.1.0"

is-obj@^1.0.1:
  version "1.0.1"
  resolved "http://r.npm.sankuai.com/is-obj/download/is-obj-1.0.1.tgz#3e4729ac1f5fde025cd7d83a896dab9f4f67db0f"

is-stream@^1.1.0:
  version "1.1.0"
  resolved "http://r.npm.sankuai.com/is-stream/download/is-stream-1.1.0.tgz#12d4a3dd4e68e0b79ceb8dbc84173ae80d91ca44"

is-wsl@^1.1.0:
  version "1.1.0"
  resolved "http://r.npm.sankuai.com/is-wsl/download/is-wsl-1.1.0.tgz#1f16e4aa22b04d1336b66188a66af3c600c3a66d"

isexe@^2.0.0:
  version "2.0.0"
  resolved "http://r.npm.sankuai.com/isexe/download/isexe-2.0.0.tgz#e8fbf374dc556ff8947a10dcb0572d633f2cfa10"

lru-cache@^4.0.0:
  version "4.1.1"
  resolved "http://r.npm.sankuai.com/lru-cache/download/lru-cache-4.1.1.tgz#622e32e82488b49279114a4f9ecf45e7cd6bba55"
  dependencies:
    pseudomap "^1.0.2"
    yallist "^2.1.2"

minimatch@^3.0.0:
  version "3.0.4"
  resolved "http://r.npm.sankuai.com/minimatch/download/minimatch-3.0.4.tgz#5166e286457f03306064be5497e8dbb0c3d32083"
  dependencies:
    brace-expansion "^1.1.7"

ms@2.0.0:
  version "2.0.0"
  resolved "http://r.npm.sankuai.com/ms/download/ms-2.0.0.tgz#5608aeadfc00be6c2901df5f9861788de0d597c8"

multimatch@^2.1.0:
  version "2.1.0"
  resolved "http://r.npm.sankuai.com/multimatch/download/multimatch-2.1.0.tgz#9c7906a22fb4c02919e2f5f75161b4cdbd4b2a2b"
  dependencies:
    array-differ "^1.0.0"
    array-union "^1.0.1"
    arrify "^1.0.0"
    minimatch "^3.0.0"

npm-run-path@^1.0.0:
  version "1.0.0"
  resolved "http://r.npm.sankuai.com/npm-run-path/download/npm-run-path-1.0.0.tgz#f5c32bf595fe81ae927daec52e82f8b000ac3c8f"
  dependencies:
    path-key "^1.0.0"

object-assign@^4.0.1:
  version "4.1.1"
  resolved "http://r.npm.sankuai.com/object-assign/download/object-assign-4.1.1.tgz#2109adc7965887cfc05cbbd442cac8bfbb360863"

opn@^5.2.0:
  version "5.2.0"
  resolved "http://r.npm.sankuai.com/opn/download/opn-5.2.0.tgz#71fdf934d6827d676cecbea1531f95d354641225"
  dependencies:
    is-wsl "^1.1.0"

path-key@^1.0.0:
  version "1.0.0"
  resolved "http://r.npm.sankuai.com/path-key/download/path-key-1.0.0.tgz#5d53d578019646c0d68800db4e146e6bdc2ac7af"

pify@^2.3.0:
  version "2.3.0"
  resolved "http://r.npm.sankuai.com/pify/download/pify-2.3.0.tgz#ed141a6ac043a849ea588498e7dca8b15330e90c"

pseudomap@^1.0.2:
  version "1.0.2"
  resolved "http://r.npm.sankuai.com/pseudomap/download/pseudomap-1.0.2.tgz#f052a28da70e618917ef0a8ac34c1ae5a68286b3"

simple-git@^1.89.0:
  version "1.89.0"
  resolved "http://r.npm.sankuai.com/simple-git/download/simple-git-1.89.0.tgz#ef52fe734d5060566ce187b2bbace36c2323e34c"
  dependencies:
    debug "^3.1.0"

strip-eof@^1.0.0:
  version "1.0.0"
  resolved "http://r.npm.sankuai.com/strip-eof/download/strip-eof-1.0.0.tgz#bb43ff5598a6eb05d89b59fcd129c983313606bf"

supports-color@^4.0.0:
  version "4.5.0"
  resolved "http://r.npm.sankuai.com/supports-color/download/supports-color-4.5.0.tgz#be7a0de484dec5c5cddf8b3d59125044912f635b"
  dependencies:
    has-flag "^2.0.0"

typescript@^2.7.1:
  version "2.7.1"
  resolved "http://r.npm.sankuai.com/typescript/download/typescript-2.7.1.tgz#bb3682c2c791ac90e7c6210b26478a8da085c359"

which@^1.2.8:
  version "1.3.0"
  resolved "http://r.npm.sankuai.com/which/download/which-1.3.0.tgz#ff04bdfc010ee547d780bec38e1ac1c2777d253a"
  dependencies:
    isexe "^2.0.0"

yallist@^2.1.2:
  version "2.1.2"
  resolved "http://r.npm.sankuai.com/yallist/download/yallist-2.1.2.tgz#1c11f9218f076089a47dd512f93c6699a6a81d52"
